// !$*UTF8*$!
{
	archiveVersion = 1;
	classes = {
	};
	objectVersion = 46;
	objects = {

/* Begin PBXBuildFile section */
		857395FD1C254BFC00BD3B80 /* main.m in Sources */ = {isa = PBXBuildFile; fileRef = 857395FC1C254BFC00BD3B80 /* main.m */; };
		857396001C254BFC00BD3B80 /* AppDelegate.m in Sources */ = {isa = PBXBuildFile; fileRef = 857395FF1C254BFC00BD3B80 /* AppDelegate.m */; };
		857396031C254BFC00BD3B80 /* ViewController.m in Sources */ = {isa = PBXBuildFile; fileRef = 857396021C254BFC00BD3B80 /* ViewController.m */; };
		857396061C254BFC00BD3B80 /* Main.storyboard in Resources */ = {isa = PBXBuildFile; fileRef = 857396041C254BFC00BD3B80 /* Main.storyboard */; };
		857396081C254BFC00BD3B80 /* Assets.xcassets in Resources */ = {isa = PBXBuildFile; fileRef = 857396071C254BFC00BD3B80 /* Assets.xcassets */; };
		8573960B1C254BFC00BD3B80 /* LaunchScreen.storyboard in Resources */ = {isa = PBXBuildFile; fileRef = 857396091C254BFC00BD3B80 /* LaunchScreen.storyboard */; };
		857396131C255AC900BD3B80 /* demo.html in Resources */ = {isa = PBXBuildFile; fileRef = 857396121C255AC900BD3B80 /* demo.html */; };
/* End PBXBuildFile section */

/* Begin PBXFileReference section */
		857395F81C254BFC00BD3B80 /* WebViewNativeDemo.app */ = {isa = PBXFileReference; explicitFileType = wrapper.application; includeInIndex = 0; path = WebViewNativeDemo.app; sourceTree = BUILT_PRODUCTS_DIR; };
		857395FC1C254BFC00BD3B80 /* main.m */ = {isa = PBXFileReference; lastKnownFileType = sourcecode.c.objc; path = main.m; sourceTree = "<group>"; };
		857395FE1C254BFC00BD3B80 /* AppDelegate.h */ = {isa = PBXFileReference; lastKnownFileType = sourcecode.c.h; path = AppDelegate.h; sourceTree = "<group>"; };
		857395FF1C254BFC00BD3B80 /* AppDelegate.m */ = {isa = PBXFileReference; lastKnownFileType = sourcecode.c.objc; path = AppDelegate.m; sourceTree = "<group>"; };
		857396011C254BFC00BD3B80 /* ViewController.h */ = {isa = PBXFileReference; lastKnownFileType = sourcecode.c.h; path = ViewController.h; sourceTree = "<group>"; };
		857396021C254BFC00BD3B80 /* ViewController.m */ = {isa = PBXFileReference; lastKnownFileType = sourcecode.c.objc; path = ViewController.m; sourceTree = "<group>"; };
		857396051C254BFC00BD3B80 /* Base */ = {isa = PBXFileReference; lastKnownFileType = file.storyboard; name = Base; path = Base.lproj/Main.storyboard; sourceTree = "<group>"; };
		857396071C254BFC00BD3B80 /* Assets.xcassets */ = {isa = PBXFileReference; lastKnownFileType = folder.assetcatalog; path = Assets.xcassets; sourceTree = "<group>"; };
		8573960A1C254BFC00BD3B80 /* Base */ = {isa = PBXFileReference; lastKnownFileType = file.storyboard; name = Base; path = Base.lproj/LaunchScreen.storyboard; sourceTree = "<group>"; };
		8573960C1C254BFC00BD3B80 /* Info.plist */ = {isa = PBXFileReference; lastKnownFileType = text.plist.xml; path = Info.plist; sourceTree = "<group>"; };
		857396121C255AC900BD3B80 /* demo.html */ = {isa = PBXFileReference; fileEncoding = 4; lastKnownFileType = text.html; path = demo.html; sourceTree = "<group>"; };
/* End PBXFileReference section */

/* Begin PBXFrameworksBuildPhase section */
		857395F51C254BFC00BD3B80 /* Frameworks */ = {
			isa = PBXFrameworksBuildPhase;
			buildActionMask = 2147483647;
			files = (
			);
			runOnlyForDeploymentPostprocessing = 0;
		};
/* End PBXFrameworksBuildPhase section */

/* Begin PBXGroup section */
		857395EF1C254BFC00BD3B80 = {
			isa = PBXGroup;
			children = (
				857395FA1C254BFC00BD3B80 /* WebViewNativeDemo */,
				857395F91C254BFC00BD3B80 /* Products */,
			);
			sourceTree = "<group>";
		};
		857395F91C254BFC00BD3B80 /* Products */ = {
			isa = PBXGroup;
			children = (
				857395F81C254BFC00BD3B80 /* WebViewNativeDemo.app */,
			);
			name = Products;
			sourceTree = "<group>";
		};
		857395FA1C254BFC00BD3B80 /* WebViewNativeDemo */ = {
			isa = PBXGroup;
			children = (
				857395FE1C254BFC00BD3B80 /* AppDelegate.h */,
				857395FF1C254BFC00BD3B80 /* AppDelegate.m */,
				857396011C254BFC00BD3B80 /* ViewController.h */,
				857396021C254BFC00BD3B80 /* ViewController.m */,
				857396041C254BFC00BD3B80 /* Main.storyboard */,
				857396071C254BFC00BD3B80 /* Assets.xcassets */,
				857396091C254BFC00BD3B80 /* LaunchScreen.storyboard */,
				8573960C1C254BFC00BD3B80 /* Info.plist */,
				857395FB1C254BFC00BD3B80 /* Supporting Files */,
				857396121C255AC900BD3B80 /* demo.html */,
			);
			path = WebViewNativeDemo;
			sourceTree = "<group>";
		};
		857395FB1C254BFC00BD3B80 /* Supporting Files */ = {
			isa = PBXGroup;
			children = (
				857395FC1C254BFC00BD3B80 /* main.m */,
			);
			name = "Supporting Files";
			sourceTree = "<group>";
		};
/* End PBXGroup section */

/* Begin PBXNativeTarget section */
		857395F71C254BFC00BD3B80 /* WebViewNativeDemo */ = {
			isa = PBXNativeTarget;
			buildConfigurationList = 8573960F1C254BFC00BD3B80 /* Build configuration list for PBXNativeTarget "WebViewNativeDemo" */;
			buildPhases = (
				857395F41C254BFC00BD3B80 /* Sources */,
				857395F51C254BFC00BD3B80 /* Frameworks */,
				857395F61C254BFC00BD3B80 /* Resources */,
			);
			buildRules = (
			);
			dependencies = (
			);
			name = WebViewNativeDemo;
			productName = WebViewNativeDemo;
			productReference = 857395F81C254BFC00BD3B80 /* WebViewNativeDemo.app */;
			productType = "com.apple.product-type.application";
		};
/* End PBXNativeTarget section */

/* Begin PBXProject section */
		857395F01C254BFC00BD3B80 /* Project object */ = {
			isa = PBXProject;
			attributes = {
				LastUpgradeCheck = 0720;
				ORGANIZATIONNAME = 51tywy;
				TargetAttributes = {
					857395F71C254BFC00BD3B80 = {
						CreatedOnToolsVersion = 7.2;
					};
				};
			};
			buildConfigurationList = 857395F31C254BFC00BD3B80 /* Build configuration list for PBXProject "WebViewNativeDemo" */;
			compatibilityVersion = "Xcode 3.2";
			developmentRegion = English;
			hasScannedForEncodings = 0;
			knownRegions = (
				en,
				Base,
			);
			mainGroup = 857395EF1C254BFC00BD3B80;
			productRefGroup = 857395F91C254BFC00BD3B80 /* Products */;
			projectDirPath = "";
			projectRoot = "";
			targets = (
				857395F71C254BFC00BD3B80 /* WebViewNativeDemo */,
			);
		};
/* End PBXProject section */

/* Begin PBXResourcesBuildPhase section */
		857395F61C254BFC00BD3B80 /* Resources */ = {
			isa = PBXResourcesBuildPhase;
			buildActionMask = 2147483647;
			files = (
				8573960B1C254BFC00BD3B80 /* LaunchScreen.storyboard in Resources */,
				857396131C255AC900BD3B80 /* demo.html in Resources */,
				857396081C254BFC00BD3B80 /* Assets.xcassets in Resources */,
				857396061C254BFC00BD3B80 /* Main.storyboard in Resources */,
			);
			runOnlyForDeploymentPostprocessing = 0;
		};
/* End PBXResourcesBuildPhase section */

/* Begin PBXSourcesBuildPhase section */
		857395F41C254BFC00BD3B80 /* Sources */ = {
			isa = PBXSourcesBuildPhase;
			buildActionMask = 2147483647;
			files = (
				857396031C254BFC00BD3B80 /* ViewController.m in Sources */,
				857396001C254BFC00BD3B80 /* AppDelegate.m in Sources */,
				857395FD1C254BFC00BD3B80 /* main.m in Sources */,
			);
			runOnlyForDeploymentPostprocessing = 0;
		};
/* End PBXSourcesBuildPhase section */

/* Begin PBXVariantGroup section */
		857396041C254BFC00BD3B80 /* Main.storyboard */ = {
			isa = PBXVariantGroup;
			children = (
				857396051C254BFC00BD3B80 /* Base */,
			);
			name = Main.storyboard;
			sourceTree = "<group>";
		};
		857396091C254BFC00BD3B80 /* LaunchScreen.storyboard */ = {
			isa = PBXVariantGroup;
			children = (
				8573960A1C254BFC00BD3B80 /* Base */,
			);
			name = LaunchScreen.storyboard;
			sourceTree = "<group>";
		};
/* End PBXVariantGroup section */

/* Begin XCBuildConfiguration section */
		8573960D1C254BFC00BD3B80 /* Debug */ = {
			isa = XCBuildConfiguration;
			buildSettings = {
				ALWAYS_SEARCH_USER_PATHS = NO;
				CLANG_CXX_LANGUAGE_STANDARD = "gnu++0x";
				CLANG_CXX_LIBRARY = "libc++";
				CLANG_ENABLE_MODULES = YES;
				CLANG_ENABLE_OBJC_ARC = YES;
				CLANG_WARN_BOOL_CONVERSION = YES;
				CLANG_WARN_CONSTANT_CONVERSION = YES;
				CLANG_WARN_DIRECT_OBJC_ISA_USAGE = YES_ERROR;
				CLANG_WARN_EMPTY_BODY = YES;
				CLANG_WARN_ENUM_CONVERSION = YES;
				CLANG_WARN_INT_CONVERSION = YES;
				CLANG_WARN_OBJC_ROOT_CLASS = YES_ERROR;
				CLANG_WARN_UNREACHABLE_CODE = YES;
				CLANG_WARN__DUPLICATE_METHOD_MATCH = YES;
				"CODE_SIGN_IDENTITY[sdk=iphoneos*]" = "iPhone Developer";
				COPY_PHASE_STRIP = NO;
				DEBUG_INFORMATION_FORMAT = dwarf;
				ENABLE_STRICT_OBJC_MSGSEND = YES;
				ENABLE_TESTABILITY = YES;
				GCC_C_LANGUAGE_STANDARD = gnu99;
				GCC_DYNAMIC_NO_PIC = NO;
				GCC_NO_COMMON_BLOCKS = YES;
				GCC_OPTIMIZATION_LEVEL = 0;
				GCC_PREPROCESSOR_DEFINITIONS = (
					"DEBUG=1",
					"$(inherited)",
				);
				GCC_WARN_64_TO_32_BIT_CONVERSION = YES;
				GCC_WARN_ABOUT_RETURN_TYPE = YES_ERROR;
				GCC_WARN_UNDECLARED_SELECTOR = YES;
				GCC_WARN_UNINITIALIZED_AUTOS = YES_AGGRESSIVE;
				GCC_WARN_UNUSED_FUNCTION = YES;
				GCC_WARN_UNUSED_VARIABLE = YES;
				IPHONEOS_DEPLOYMENT_TARGET = 9.2;
				MTL_ENABLE_DEBUG_INFO = YES;
				ONLY_ACTIVE_ARCH = YES;
				SDKROOT = iphoneos;
			};
			name = Debug;
		};
		8573960E1C254BFC00BD3B80 /* Release */ = {
			isa = XCBuildConfiguration;
			buildSettings = {
				ALWAYS_SEARCH_USER_PATHS = NO;
				CLANG_CXX_LANGUAGE_STANDARD = "gnu++0x";
				CLANG_CXX_LIBRARY = "libc++";
				CLANG_ENABLE_MODULES = YES;
				CLANG_ENABLE_OBJC_ARC = YES;
				CLANG_WARN_BOOL_CONVERSION = YES;
				CLANG_WARN_CONSTANT_CONVERSION = YES;
				CLANG_WARN_DIRECT_OBJC_ISA_USAGE = YES_ERROR;
				CLANG_WARN_EMPTY_BODY = YES;
				CLANG_WARN_ENUM_CONVERSION = YES;
				CLANG_WARN_INT_CONVERSION = YES;
				CLANG_WARN_OBJC_ROOT_CLASS = YES_ERROR;
				CLANG_WARN_UNREACHABLE_CODE = YES;
				CLANG_WARN__DUPLICATE_METHOD_MATCH = YES;
				"CODE_SIGN_IDENTITY[sdk=iphoneos*]" = "iPhone Developer";
				COPY_PHASE_STRIP = NO;
				DEBUG_INFORMATION_FORMAT = "dwarf-with-dsym";
				ENABLE_NS_ASSERTIONS = NO;
				ENABLE_STRICT_OBJC_MSGSEND = YES;
				GCC_C_LANGUAGE_STANDARD = gnu99;
				GCC_NO_COMMON_BLOCKS = YES;
				GCC_WARN_64_TO_32_BIT_CONVERSION = YES;
				GCC_WARN_ABOUT_RETURN_TYPE = YES_ERROR;
				GCC_WARN_UNDECLARED_SELECTOR = YES;
				GCC_WARN_UNINITIALIZED_AUTOS = YES_AGGRESSIVE;
				GCC_WARN_UNUSED_FUNCTION = YES;
				GCC_WARN_UNUSED_VARIABLE = YES;
				IPHONEOS_DEPLOYMENT_TARGET = 9.2;
				MTL_ENABLE_DEBUG_INFO = NO;
				SDKROOT = iphoneos;
				VALIDATE_PRODUCT = YES;
			};
			name = Release;
		};
		857396101C254BFC00BD3B80 /* Debug */ = {
			isa = XCBuildConfiguration;
			buildSettings = {
				ASSETCATALOG_COMPILER_APPICON_NAME = AppIcon;
				INFOPLIST_FILE = WebViewNativeDemo/Info.plist;
				LD_RUNPATH_SEARCH_PATHS = "$(inherited) @executable_path/Frameworks";
				PRODUCT_BUNDLE_IDENTIFIER = com.51tywy.WebViewDemo.WebViewNativeDemo;
				PRODUCT_NAME = "$(TARGET_NAME)";
			};
			name = Debug;
		};
		857396111C254BFC00BD3B80 /* Release */ = {
			isa = XCBuildConfiguration;
			buildSettings = {
				ASSETCATALOG_COMPILER_APPICON_NAME = AppIcon;
				INFOPLIST_FILE = WebViewNativeDemo/Info.plist;
				LD_RUNPATH_SEARCH_PATHS = "$(inherited) @executable_path/Frameworks";
				PRODUCT_BUNDLE_IDENTIFIER = com.51tywy.WebViewDemo.WebViewNativeDemo;
				PRODUCT_NAME = "$(TARGET_NAME)";
			};
			name = Release;
		};
/* End XCBuildConfiguration section */

/* Begin XCConfigurationList section */
		857395F31C254BFC00BD3B80 /* Build configuration list for PBXProject "WebViewNativeDemo" */ = {
			isa = XCConfigurationList;
			buildConfigurations = (
				8573960D1C254BFC00BD3B80 /* Debug */,
				8573960E1C254BFC00BD3B80 /* Release */,
			);
			defaultConfigurationIsVisible = 0;
			defaultConfigurationName = Release;
		};
		8573960F1C254BFC00BD3B80 /* Build configuration list for PBXNativeTarget "WebViewNativeDemo" */ = {
			isa = XCConfigurationList;
			buildConfigurations = (
				857396101C254BFC00BD3B80 /* Debug */,
				857396111C254BFC00BD3B80 /* Release */,
			);
			defaultConfigurationIsVisible = 0;
		};
/* End XCConfigurationList section */
	};
	rootObject = 857395F01C254BFC00BD3B80 /* Project object */;
}
